
Microsoft Visual Studio Solution File, Format Version 12.00
# Visual Studio 2017
Project("{FAE04EC0-301F-11D3-BF4B-00C04F79EFBC}") = "FPS Major Project", "FPS Major Project.csproj", "{157E7345-C4D3-04BA-B8B1-573897AB30B3}"
EndProject
Project("{FAE04EC0-301F-11D3-BF4B-00C04F79EFBC}") = "FPS Major Project.Editor.Plugins", "FPS Major Project.Editor.Plugins.csproj", "{9AB248B1-2020-7FB9-049B-F1E7AB9C3C36}"
EndProject
Global
	GlobalSection(SolutionConfigurationPlatforms) = preSolution
		Debug|Any CPU = Debug|Any CPU
		Release|Any CPU = Release|Any CPU
	EndGlobalSection
	GlobalSection(ProjectConfigurationPlatforms) = postSolution
		{157E7345-C4D3-04BA-B8B1-573897AB30B3}.Debug|Any CPU.ActiveCfg = Debug|Any CPU
		{157E7345-C4D3-04BA-B8B1-573897AB30B3}.Debug|Any CPU.Build.0 = Debug|Any CPU
		{157E7345-C4D3-04BA-B8B1-573897AB30B3}.Release|Any CPU.ActiveCfg = Release|Any CPU
		{157E7345-C4D3-04BA-B8B1-573897AB30B3}.Release|Any CPU.Build.0 = Release|Any CPU
		{9AB248B1-2020-7FB9-049B-F1E7AB9C3C36}.Debug|Any CPU.ActiveCfg = Debug|Any CPU
		{9AB248B1-2020-7FB9-049B-F1E7AB9C3C36}.Debug|Any CPU.Build.0 = Debug|Any CPU
		{9AB248B1-2020-7FB9-049B-F1E7AB9C3C36}.Release|Any CPU.ActiveCfg = Release|Any CPU
		{9AB248B1-2020-7FB9-049B-F1E7AB9C3C36}.Release|Any CPU.Build.0 = Release|Any CPU
	EndGlobalSection
	GlobalSection(SolutionProperties) = preSolution
		HideSolutionNode = FALSE
	EndGlobalSection
EndGlobal
